<?xml version="1.0" encoding="utf-8"?>
<Project ToolsVersion="4.0" xmlns="http://schemas.microsoft.com/developer/msbuild/2003">
  <ItemGroup>
    <Filter Include="Code">
      <UniqueIdentifier>{4FC737F1-C7A5-4376-A066-2A32D752A2FF}</UniqueIdentifier>
      <Extensions>cpp;c;cc;cxx;def;odl;idl;hpj;bat;asm;asmx</Extensions>
    </Filter>
    <Filter Include="Code\xSE">
      <UniqueIdentifier>{57b08a04-a4a6-4158-9545-bcc203a02920}</UniqueIdentifier>
    </Filter>
    <Filter Include="Resources">
      <UniqueIdentifier>{67DA6AB6-F800-4c08-8B7A-83BB121AAD01}</UniqueIdentifier>
      <Extensions>rc;ico;cur;bmp;dlg;rc2;rct;bin;rgs;gif;jpg;jpeg;jpe;resx;tiff;tif;png;wav;mfcribbon-ms</Extensions>
    </Filter>
    <Filter Include="Resources\Utility">
      <UniqueIdentifier>{681ea3ad-ef1e-4577-a6ac-4182e65ed129}</UniqueIdentifier>
    </Filter>
    <Filter Include="Code\xSE\ConsoleCommandOverrider">
      <UniqueIdentifier>{7193ec96-b0b7-465f-b415-fbe9d1b8575c}</UniqueIdentifier>
    </Filter>
    <Filter Include="Code\ENB">
      <UniqueIdentifier>{4f3ae023-419a-4f2e-8873-da8dc2e8e2a7}</UniqueIdentifier>
    </Filter>
  </ItemGroup>
  <ItemGroup>
    <ClInclude Include="stdafx.h" />
    <ClInclude Include="resource.h">
      <Filter>Resources</Filter>
    </ClInclude>
    <ClInclude Include="Source\xSE\ScriptExtenderInterfaceNVSE.h">
      <Filter>Code\xSE</Filter>
    </ClInclude>
    <ClInclude Include="Source\xSE\ScriptExtenderInterfaceIncludes.h">
      <Filter>Code\xSE</Filter>
    </ClInclude>
    <ClInclude Include="Source\xSE\ScriptExtenderInterface.h">
      <Filter>Code\xSE</Filter>
    </ClInclude>
    <ClInclude Include="Source\xSE\ScriptExtenderDefinesBase.h">
      <Filter>Code\xSE</Filter>
    </ClInclude>
    <ClInclude Include="Source\xSE\ScriptExtenderDefines.h">
      <Filter>Code\xSE</Filter>
    </ClInclude>
    <ClInclude Include="Source\RedirectorConfig.h">
      <Filter>Code</Filter>
    </ClInclude>
    <ClInclude Include="Source\ConfigObject.h">
      <Filter>Code</Filter>
    </ClInclude>
    <ClInclude Include="Source\FunctionRedirector.h">
      <Filter>Code</Filter>
    </ClInclude>
    <ClInclude Include="Source\FunctionTable.h">
      <Filter>Code</Filter>
    </ClInclude>
    <ClInclude Include="Source\INIWrapper.h">
      <Filter>Code</Filter>
    </ClInclude>
    <ClInclude Include="Source\PrivateProfileRedirector.h">
      <Filter>Code</Filter>
    </ClInclude>
    <ClInclude Include="Source\RedirectedFunctions.h">
      <Filter>Code</Filter>
    </ClInclude>
    <ClInclude Include="Source\xSE\IConsoleCommandOverrider.h">
      <Filter>Code\xSE</Filter>
    </ClInclude>
    <ClInclude Include="Source\xSE\ConsoleCommandOverrider\SKSE64.h">
      <Filter>Code\xSE\ConsoleCommandOverrider</Filter>
    </ClInclude>
    <ClInclude Include="Source\xSE\ConsoleCommandOverrider\F4SE.h">
      <Filter>Code\xSE\ConsoleCommandOverrider</Filter>
    </ClInclude>
    <ClInclude Include="Source\xSE\ConsoleCommandOverrider\SKSE.h">
      <Filter>Code\xSE\ConsoleCommandOverrider</Filter>
    </ClInclude>
    <ClInclude Include="Source\Common.h">
      <Filter>Code</Filter>
    </ClInclude>
    <ClInclude Include="Source\CommonWinAPI.h">
      <Filter>Code</Filter>
    </ClInclude>
    <ClInclude Include="Source\xSE\ConsoleEvent.h">
      <Filter>Code\xSE</Filter>
    </ClInclude>
    <ClInclude Include="Source\xSE\GameEvent.h">
      <Filter>Code\xSE</Filter>
    </ClInclude>
    <ClInclude Include="Source\ENB\ENBInterface.h">
      <Filter>Code\ENB</Filter>
    </ClInclude>
    <ClInclude Include="Source\ENB\ENBAPI.h">
      <Filter>Code\ENB</Filter>
    </ClInclude>
    <ClInclude Include="Source\ENB\ENBEvent.h">
      <Filter>Code\ENB</Filter>
    </ClInclude>
  </ItemGroup>
  <ItemGroup>
    <ClCompile Include="Source\PrivateProfileRedirector.cpp">
      <Filter>Code</Filter>
    </ClCompile>
    <ClCompile Include="stdafx.cpp" />
    <ClCompile Include="Source\RedirectedFunctions.cpp">
      <Filter>Code</Filter>
    </ClCompile>
    <ClCompile Include="Source\ConfigObject.cpp">
      <Filter>Code</Filter>
    </ClCompile>
    <ClCompile Include="Source\DLLMain.cpp">
      <Filter>Code</Filter>
    </ClCompile>
    <ClCompile Include="Source\RedirectorConfig.cpp">
      <Filter>Code</Filter>
    </ClCompile>
    <ClCompile Include="Source\FunctionRedirector.cpp">
      <Filter>Code</Filter>
    </ClCompile>
    <ClCompile Include="Source\INIWrapper.cpp">
      <Filter>Code</Filter>
    </ClCompile>
    <ClCompile Include="Source\xSE\ScriptExtenderInterface.cpp">
      <Filter>Code\xSE</Filter>
    </ClCompile>
    <ClCompile Include="Source\xSE\ConsoleCommandOverrider\SKSE64.cpp">
      <Filter>Code\xSE\ConsoleCommandOverrider</Filter>
    </ClCompile>
    <ClCompile Include="Source\xSE\ConsoleCommandOverrider\F4SE.cpp">
      <Filter>Code\xSE\ConsoleCommandOverrider</Filter>
    </ClCompile>
    <ClCompile Include="Source\xSE\ConsoleCommandOverrider\SKSE.cpp">
      <Filter>Code\xSE\ConsoleCommandOverrider</Filter>
    </ClCompile>
    <ClCompile Include="Source\ENB\ENBInterface.cpp">
      <Filter>Code\ENB</Filter>
    </ClCompile>
    <ClCompile Include="Source\ENB\ENBAPI.cpp">
      <Filter>Code\ENB</Filter>
    </ClCompile>
  </ItemGroup>
  <ItemGroup>
    <ResourceCompile Include="PrivateProfileRedirector.rc">
      <Filter>Resources</Filter>
    </ResourceCompile>
  </ItemGroup>
  <ItemGroup>
    <None Include="Exports.def">
      <Filter>Resources</Filter>
    </None>
    <None Include="Build\PrivateProfileRedirector.ini">
      <Filter>Resources</Filter>
    </None>
    <None Include="ChangeLog.md">
      <Filter>Resources</Filter>
    </None>
    <None Include="README.md">
      <Filter>Resources</Filter>
    </None>
  </ItemGroup>
  <ItemGroup>
    <Text Include="Build\PrivateProfileRedirector_preload.txt">
      <Filter>Resources</Filter>
    </Text>
  </ItemGroup>
</Project>