
Microsoft Visual Studio Solution File, Format Version 12.00
# Visual Studio Version 16
VisualStudioVersion = 16.0.31112.23
MinimumVisualStudioVersion = 10.0.40219.1
Project("{8BC9CEB8-8B4A-11D0-8D11-00A0C91BC942}") = "PrivateProfileRedirector", "PrivateProfileRedirector.vcxproj", "{2C4DFFDB-58CE-43F9-8415-49B670A4E628}"
EndProject
Global
	GlobalSection(SolutionConfigurationPlatforms) = preSolution
		F4SE|x64 = F4SE|x64
		F4SE|x86 = F4SE|x86
		F4SEVR|x64 = F4SEVR|x64
		F4SEVR|x86 = F4SEVR|x86
		NVSE|x64 = NVSE|x64
		NVSE|x86 = NVSE|x86
		SKSE|x64 = SKSE|x64
		SKSE|x86 = SKSE|x86
		SKSE64|x64 = SKSE64|x64
		SKSE64|x86 = SKSE64|x86
		SKSEVR|x64 = SKSEVR|x64
		SKSEVR|x86 = SKSEVR|x86
	EndGlobalSection
	GlobalSection(ProjectConfigurationPlatforms) = postSolution
		{2C4DFFDB-58CE-43F9-8415-49B670A4E628}.F4SE|x64.ActiveCfg = F4SE|x64
		{2C4DFFDB-58CE-43F9-8415-49B670A4E628}.F4SE|x64.Build.0 = F4SE|x64
		{2C4DFFDB-58CE-43F9-8415-49B670A4E628}.F4SE|x86.ActiveCfg = F4SE|x64
		{2C4DFFDB-58CE-43F9-8415-49B670A4E628}.F4SE|x86.Build.0 = F4SE|x64
		{2C4DFFDB-58CE-43F9-8415-49B670A4E628}.F4SEVR|x64.ActiveCfg = F4SEVR|x64
		{2C4DFFDB-58CE-43F9-8415-49B670A4E628}.F4SEVR|x64.Build.0 = F4SEVR|x64
		{2C4DFFDB-58CE-43F9-8415-49B670A4E628}.F4SEVR|x86.ActiveCfg = F4SEVR|Win32
		{2C4DFFDB-58CE-43F9-8415-49B670A4E628}.F4SEVR|x86.Build.0 = F4SEVR|Win32
		{2C4DFFDB-58CE-43F9-8415-49B670A4E628}.NVSE|x64.ActiveCfg = NVSE|x64
		{2C4DFFDB-58CE-43F9-8415-49B670A4E628}.NVSE|x64.Build.0 = NVSE|x64
		{2C4DFFDB-58CE-43F9-8415-49B670A4E628}.NVSE|x86.ActiveCfg = NVSE|Win32
		{2C4DFFDB-58CE-43F9-8415-49B670A4E628}.NVSE|x86.Build.0 = NVSE|Win32
		{2C4DFFDB-58CE-43F9-8415-49B670A4E628}.SKSE|x64.ActiveCfg = SKSE|x64
		{2C4DFFDB-58CE-43F9-8415-49B670A4E628}.SKSE|x64.Build.0 = SKSE|x64
		{2C4DFFDB-58CE-43F9-8415-49B670A4E628}.SKSE|x86.ActiveCfg = SKSE|Win32
		{2C4DFFDB-58CE-43F9-8415-49B670A4E628}.SKSE|x86.Build.0 = SKSE|Win32
		{2C4DFFDB-58CE-43F9-8415-49B670A4E628}.SKSE64|x64.ActiveCfg = SKSE64|x64
		{2C4DFFDB-58CE-43F9-8415-49B670A4E628}.SKSE64|x64.Build.0 = SKSE64|x64
		{2C4DFFDB-58CE-43F9-8415-49B670A4E628}.SKSE64|x86.ActiveCfg = SKSE64|Win32
		{2C4DFFDB-58CE-43F9-8415-49B670A4E628}.SKSE64|x86.Build.0 = SKSE64|Win32
		{2C4DFFDB-58CE-43F9-8415-49B670A4E628}.SKSEVR|x64.ActiveCfg = SKSEVR|x64
		{2C4DFFDB-58CE-43F9-8415-49B670A4E628}.SKSEVR|x64.Build.0 = SKSEVR|x64
		{2C4DFFDB-58CE-43F9-8415-49B670A4E628}.SKSEVR|x86.ActiveCfg = SKSEVR|Win32
		{2C4DFFDB-58CE-43F9-8415-49B670A4E628}.SKSEVR|x86.Build.0 = SKSEVR|Win32
	EndGlobalSection
	GlobalSection(SolutionProperties) = preSolution
		HideSolutionNode = FALSE
	EndGlobalSection
	GlobalSection(ExtensibilityGlobals) = postSolution
		SolutionGuid = {3550AC37-B572-4B96-88A9-1BF24DCAA6F8}
	EndGlobalSection
	GlobalSection(Performance) = preSolution
		HasPerformanceSessions = true
	EndGlobalSection
EndGlobal
